
Microsoft Visual Studio Solution File, Format Version 12.00
# Visual Studio Version 16
VisualStudioVersion = 16.0.29911.84
MinimumVisualStudioVersion = 10.0.40219.1
Project("{FAE04EC0-301F-11D3-BF4B-00C04F79EFBC}") = "Collection", "Collection\Collection.csproj", "{487D43F2-F003-4D27-AB89-753548FC2B12}"
EndProject
Global
	GlobalSection(SolutionConfigurationPlatforms) = preSolution
		Debug|Any CPU = Debug|Any CPU
		Release|Any CPU = Release|Any CPU
	EndGlobalSection
	GlobalSection(ProjectConfigurationPlatforms) = postSolution
		{487D43F2-F003-4D27-AB89-753548FC2B12}.Debug|Any CPU.ActiveCfg = Debug|Any CPU
		{487D43F2-F003-4D27-AB89-753548FC2B12}.Debug|Any CPU.Build.0 = Debug|Any CPU
		{487D43F2-F003-4D27-AB89-753548FC2B12}.Release|Any CPU.ActiveCfg = Release|Any CPU
		{487D43F2-F003-4D27-AB89-753548FC2B12}.Release|Any CPU.Build.0 = Release|Any CPU
	EndGlobalSection
	GlobalSection(SolutionProperties) = preSolution
		HideSolutionNode = FALSE
	EndGlobalSection
	GlobalSection(ExtensibilityGlobals) = postSolution
		SolutionGuid = {6904CDFD-24E3-417F-A651-FE91B90B0948}
	EndGlobalSection
EndGlobal
