
Microsoft Visual Studio Solution File, Format Version 12.00
# Visual Studio Version 16
VisualStudioVersion = 16.0.29911.84
MinimumVisualStudioVersion = 10.0.40219.1
Project("{9A19103F-16F7-4668-BE54-9A1E7A4F7556}") = "TriangleClassifier", "TriangleClassifier\TriangleClassifier.csproj", "{58E1AFEE-E673-41CE-9900-B99187F11F95}"
EndProject
Project("{FAE04EC0-301F-11D3-BF4B-00C04F79EFBC}") = "TriangleClassiffierTest", "TriangleClassiffierTest\TriangleClassiffierTest.csproj", "{27F13DA1-BE0A-4F1C-AD01-9773A4386642}"
EndProject
Global
	GlobalSection(SolutionConfigurationPlatforms) = preSolution
		Debug|Any CPU = Debug|Any CPU
		Release|Any CPU = Release|Any CPU
	EndGlobalSection
	GlobalSection(ProjectConfigurationPlatforms) = postSolution
		{58E1AFEE-E673-41CE-9900-B99187F11F95}.Debug|Any CPU.ActiveCfg = Debug|Any CPU
		{58E1AFEE-E673-41CE-9900-B99187F11F95}.Debug|Any CPU.Build.0 = Debug|Any CPU
		{58E1AFEE-E673-41CE-9900-B99187F11F95}.Release|Any CPU.ActiveCfg = Release|Any CPU
		{58E1AFEE-E673-41CE-9900-B99187F11F95}.Release|Any CPU.Build.0 = Release|Any CPU
		{27F13DA1-BE0A-4F1C-AD01-9773A4386642}.Debug|Any CPU.ActiveCfg = Debug|Any CPU
		{27F13DA1-BE0A-4F1C-AD01-9773A4386642}.Debug|Any CPU.Build.0 = Debug|Any CPU
		{27F13DA1-BE0A-4F1C-AD01-9773A4386642}.Release|Any CPU.ActiveCfg = Release|Any CPU
		{27F13DA1-BE0A-4F1C-AD01-9773A4386642}.Release|Any CPU.Build.0 = Release|Any CPU
	EndGlobalSection
	GlobalSection(SolutionProperties) = preSolution
		HideSolutionNode = FALSE
	EndGlobalSection
	GlobalSection(ExtensibilityGlobals) = postSolution
		SolutionGuid = {8738D618-C303-450D-89F2-90D0F6FE4399}
	EndGlobalSection
EndGlobal
