
Microsoft Visual Studio Solution File, Format Version 12.00
# Visual Studio Version 16
VisualStudioVersion = 16.0.29911.84
MinimumVisualStudioVersion = 10.0.40219.1
Project("{9A19103F-16F7-4668-BE54-9A1E7A4F7556}") = "CollectionDemo", "CollectionDemo\CollectionDemo.csproj", "{B42C61EE-4A7A-4EE8-B2A8-2FF0545088E6}"
EndProject
Project("{FAE04EC0-301F-11D3-BF4B-00C04F79EFBC}") = "thuchanh1", "thuchanh1\thuchanh1.csproj", "{B4E8E038-4610-4CB8-993D-7A34A1AA2F79}"
EndProject
Global
	GlobalSection(SolutionConfigurationPlatforms) = preSolution
		Debug|Any CPU = Debug|Any CPU
		Release|Any CPU = Release|Any CPU
	EndGlobalSection
	GlobalSection(ProjectConfigurationPlatforms) = postSolution
		{B42C61EE-4A7A-4EE8-B2A8-2FF0545088E6}.Debug|Any CPU.ActiveCfg = Debug|Any CPU
		{B42C61EE-4A7A-4EE8-B2A8-2FF0545088E6}.Debug|Any CPU.Build.0 = Debug|Any CPU
		{B42C61EE-4A7A-4EE8-B2A8-2FF0545088E6}.Release|Any CPU.ActiveCfg = Release|Any CPU
		{B42C61EE-4A7A-4EE8-B2A8-2FF0545088E6}.Release|Any CPU.Build.0 = Release|Any CPU
		{B4E8E038-4610-4CB8-993D-7A34A1AA2F79}.Debug|Any CPU.ActiveCfg = Debug|Any CPU
		{B4E8E038-4610-4CB8-993D-7A34A1AA2F79}.Debug|Any CPU.Build.0 = Debug|Any CPU
		{B4E8E038-4610-4CB8-993D-7A34A1AA2F79}.Release|Any CPU.ActiveCfg = Release|Any CPU
		{B4E8E038-4610-4CB8-993D-7A34A1AA2F79}.Release|Any CPU.Build.0 = Release|Any CPU
	EndGlobalSection
	GlobalSection(SolutionProperties) = preSolution
		HideSolutionNode = FALSE
	EndGlobalSection
	GlobalSection(ExtensibilityGlobals) = postSolution
		SolutionGuid = {890E5BA0-4801-4C6F-8A2D-E04AA2C2AE72}
	EndGlobalSection
EndGlobal
