
Microsoft Visual Studio Solution File, Format Version 12.00
# Visual Studio Version 16
VisualStudioVersion = 16.0.29911.84
MinimumVisualStudioVersion = 10.0.40219.1
Project("{FAE04EC0-301F-11D3-BF4B-00C04F79EFBC}") = "ChuyenHCS", "ChuyenHCS\ChuyenHCS.csproj", "{0268EAE9-4974-44E5-BD2F-A9CFD3AEBECA}"
EndProject
Global
	GlobalSection(SolutionConfigurationPlatforms) = preSolution
		Debug|Any CPU = Debug|Any CPU
		Release|Any CPU = Release|Any CPU
	EndGlobalSection
	GlobalSection(ProjectConfigurationPlatforms) = postSolution
		{0268EAE9-4974-44E5-BD2F-A9CFD3AEBECA}.Debug|Any CPU.ActiveCfg = Debug|Any CPU
		{0268EAE9-4974-44E5-BD2F-A9CFD3AEBECA}.Debug|Any CPU.Build.0 = Debug|Any CPU
		{0268EAE9-4974-44E5-BD2F-A9CFD3AEBECA}.Release|Any CPU.ActiveCfg = Release|Any CPU
		{0268EAE9-4974-44E5-BD2F-A9CFD3AEBECA}.Release|Any CPU.Build.0 = Release|Any CPU
	EndGlobalSection
	GlobalSection(SolutionProperties) = preSolution
		HideSolutionNode = FALSE
	EndGlobalSection
	GlobalSection(ExtensibilityGlobals) = postSolution
		SolutionGuid = {00DD4675-FD98-430B-8F9C-1152182A616C}
	EndGlobalSection
EndGlobal
