
Microsoft Visual Studio Solution File, Format Version 12.00
# Visual Studio Version 16
VisualStudioVersion = 16.0.29911.84
MinimumVisualStudioVersion = 10.0.40219.1
Project("{FAE04EC0-301F-11D3-BF4B-00C04F79EFBC}") = "BaiTapFileIO", "BaiTapFileIO\BaiTapFileIO.csproj", "{306840C2-3178-4576-85B2-B60031C0545F}"
EndProject
Global
	GlobalSection(SolutionConfigurationPlatforms) = preSolution
		Debug|Any CPU = Debug|Any CPU
		Release|Any CPU = Release|Any CPU
	EndGlobalSection
	GlobalSection(ProjectConfigurationPlatforms) = postSolution
		{306840C2-3178-4576-85B2-B60031C0545F}.Debug|Any CPU.ActiveCfg = Debug|Any CPU
		{306840C2-3178-4576-85B2-B60031C0545F}.Debug|Any CPU.Build.0 = Debug|Any CPU
		{306840C2-3178-4576-85B2-B60031C0545F}.Release|Any CPU.ActiveCfg = Release|Any CPU
		{306840C2-3178-4576-85B2-B60031C0545F}.Release|Any CPU.Build.0 = Release|Any CPU
	EndGlobalSection
	GlobalSection(SolutionProperties) = preSolution
		HideSolutionNode = FALSE
	EndGlobalSection
	GlobalSection(ExtensibilityGlobals) = postSolution
		SolutionGuid = {6D9B6F65-F53C-4EC2-A04E-D4DCBDEE296A}
	EndGlobalSection
EndGlobal
